
Microsoft Visual Studio Solution File, Format Version 12.00
# Visual Studio Version 17
VisualStudioVersion = 17.8.34525.116
MinimumVisualStudioVersion = 10.0.40219.1
Project("{FAE04EC0-301F-11D3-BF4B-00C04F79EFBC}") = "CodeFirstUebung", "CodeFirstUebung\CodeFirstUebung.csproj", "{1A5EC42B-3EC0-49E2-B909-AF626581F953}"
EndProject
Project("{FAE04EC0-301F-11D3-BF4B-00C04F79EFBC}") = "DataLayerLib", "DataLayerLib\DataLayerLib.csproj", "{79778231-AFB9-43D8-B93B-B02E8F72DF55}"
EndProject
Global
	GlobalSection(SolutionConfigurationPlatforms) = preSolution
		Debug|Any CPU = Debug|Any CPU
		Release|Any CPU = Release|Any CPU
	EndGlobalSection
	GlobalSection(ProjectConfigurationPlatforms) = postSolution
		{1A5EC42B-3EC0-49E2-B909-AF626581F953}.Debug|Any CPU.ActiveCfg = Debug|Any CPU
		{1A5EC42B-3EC0-49E2-B909-AF626581F953}.Debug|Any CPU.Build.0 = Debug|Any CPU
		{1A5EC42B-3EC0-49E2-B909-AF626581F953}.Release|Any CPU.ActiveCfg = Release|Any CPU
		{1A5EC42B-3EC0-49E2-B909-AF626581F953}.Release|Any CPU.Build.0 = Release|Any CPU
		{79778231-AFB9-43D8-B93B-B02E8F72DF55}.Debug|Any CPU.ActiveCfg = Debug|Any CPU
		{79778231-AFB9-43D8-B93B-B02E8F72DF55}.Debug|Any CPU.Build.0 = Debug|Any CPU
		{79778231-AFB9-43D8-B93B-B02E8F72DF55}.Release|Any CPU.ActiveCfg = Release|Any CPU
		{79778231-AFB9-43D8-B93B-B02E8F72DF55}.Release|Any CPU.Build.0 = Release|Any CPU
	EndGlobalSection
	GlobalSection(SolutionProperties) = preSolution
		HideSolutionNode = FALSE
	EndGlobalSection
	GlobalSection(ExtensibilityGlobals) = postSolution
		SolutionGuid = {7223914E-8B22-4A8E-A731-7AAAF4D44257}
	EndGlobalSection
EndGlobal
